// !$*UTF8*$!
{
	archiveVersion = 1;
	classes = {
	};
	objectVersion = 77;
	objects = {

/* Begin PBXBuildFile section */
		05A1943E3664F8948CF35499 /* README.md in Resources */ = {isa = PBXBuildFile; fileRef = 3C56094B3402BA454F7494D9 /* README.md */; };
		0DA05C121635271D91F37CBC /* FoodDiaryView.swift in Sources */ = {isa = PBXBuildFile; fileRef = D8C9A5216766F660EC010BDC /* FoodDiaryView.swift */; };
		0FDD88AF3620C5C490369E33 /* SampleDashboardTests.swift in Sources */ = {isa = PBXBuildFile; fileRef = 4A7838FE09CC06FD091D9A4C /* SampleDashboardTests.swift */; };
		154D9BC9C4657BE28AC8E168 /* CoachPrompt.swift in Sources */ = {isa = PBXBuildFile; fileRef = DD6D56A82F2E5E97ED4770FE /* CoachPrompt.swift */; };
		1B0C4DAB229B0739EAC9C927 /* LocalDeviceServices.swift in Sources */ = {isa = PBXBuildFile; fileRef = 16F83EDBAF598A7224A2DE0A /* LocalDeviceServices.swift */; };
		2788367BE0D28844B09A5DB2 /* AthleteSensors in Frameworks */ = {isa = PBXBuildFile; productRef = DE8D28D7B1A50EC05F427F31 /* AthleteSensors */; };
		2B94BFF588088C598345B52D /* FoodDetector.mlmodel in Resources */ = {isa = PBXBuildFile; fileRef = AFE7F28DC10BE9123ED159D1 /* FoodDetector.mlmodel */; };
		3269353CAD06E097F5DE480B /* APIKeyStore.swift in Sources */ = {isa = PBXBuildFile; fileRef = D9AF535E570C28F824210716 /* APIKeyStore.swift */; };
		43B3112CA586A99788835663 /* MarkdownUI in Frameworks */ = {isa = PBXBuildFile; productRef = 955BF50DF9B3EAE3328AC3BB /* MarkdownUI */; };
		4831FEAE90CB66F844863B75 /* AppShell.swift in Sources */ = {isa = PBXBuildFile; fileRef = 444EFEC840B90D25B3246576 /* AppShell.swift */; };
		4E4DCAB52112F4A41842DAD5 /* CoachPrompt.txt in Resources */ = {isa = PBXBuildFile; fileRef = 0790B2E93CAB286523FE99B3 /* CoachPrompt.txt */; };
		5DA49EC8D1D80B052CABBBC8 /* AthleteNutrition in Frameworks */ = {isa = PBXBuildFile; productRef = 27301A2025CD460E49D7B4B0 /* AthleteNutrition */; };
		5E2500A7AA535F36F14F751C /* ResponsesAPIClient.swift in Sources */ = {isa = PBXBuildFile; fileRef = 609DE69CACEE0D6A552DC0E9 /* ResponsesAPIClient.swift */; };
		603F55226DB7422C69381DEF /* CameraView.swift in Sources */ = {isa = PBXBuildFile; fileRef = 6E55114F9CEDE340C6BD68CA /* CameraView.swift */; };
		6111E9DE79D1BFAD4D6FB4C5 /* PersonalizationFeatureBuilder.swift in Sources */ = {isa = PBXBuildFile; fileRef = 5B0C52D1A3CE1CCCDBE2A430 /* PersonalizationFeatureBuilder.swift */; };
		61F1F2D3C08A3F47F7494763 /* nutrition.sqlite in Resources */ = {isa = PBXBuildFile; fileRef = 3DAF13D47A625744756C4067 /* nutrition.sqlite */; };
		63F3D05826411592747223D9 /* FoodDetectionOverlay.swift in Sources */ = {isa = PBXBuildFile; fileRef = 68DDD440562B5D1CF2B1D2AE /* FoodDetectionOverlay.swift */; };
		680C9E7216E051775620E86F /* BaselineApp.swift in Sources */ = {isa = PBXBuildFile; fileRef = 8DC4E9AA70B1E388336CD0ED /* BaselineApp.swift */; };
		867C3AD465C30C1CC0ABBC63 /* ProviderSettingsViews.swift in Sources */ = {isa = PBXBuildFile; fileRef = 2AE15BA9C31AB7CD2EBEB393 /* ProviderSettingsViews.swift */; };
		86F61762DEDE8DC62C7D4DAD /* CoachMarkdownView.swift in Sources */ = {isa = PBXBuildFile; fileRef = 6882089639F205F59B207839 /* CoachMarkdownView.swift */; };
		89F4ECD03AD37EE47426CFC8 /* AthletePersonalization in Frameworks */ = {isa = PBXBuildFile; productRef = EC1E8B6B62284BC14AB578D9 /* AthletePersonalization */; };
		AABC4506BBF2F7838205D772 /* WorkoutCaptureQualityAccumulator.swift in Sources */ = {isa = PBXBuildFile; fileRef = 09879D0DDCBAF67B5ED0F9F8 /* WorkoutCaptureQualityAccumulator.swift */; };
		AE7E7EAE2835D3918930C678 /* .gitkeep in Resources */ = {isa = PBXBuildFile; fileRef = DB57CD73831BF28227615D0A /* .gitkeep */; };
		BCE0B0A08B6A521F298EE7CA /* ChatModel.swift in Sources */ = {isa = PBXBuildFile; fileRef = 93106080A48EEB56C6A64DAF /* ChatModel.swift */; };
		C03425D115C3CE3C191AA0B5 /* BaselineTheme.swift in Sources */ = {isa = PBXBuildFile; fileRef = D943F4CB734A0DE13B02BED8 /* BaselineTheme.swift */; };
		C654847562C8CBEEB8808918 /* StoreFactory.swift in Sources */ = {isa = PBXBuildFile; fileRef = EDDE1E754BFB6A694897C66D /* StoreFactory.swift */; };
		C8785DD2C4810B8B74E2A659 /* CameraPipeline.swift in Sources */ = {isa = PBXBuildFile; fileRef = BA264C8FAA0DD1EB9D630084 /* CameraPipeline.swift */; };
		CF649601AA5D103D01141355 /* AppearanceSignatureExtractor.swift in Sources */ = {isa = PBXBuildFile; fileRef = 9653DC723805D483F2E1E57C /* AppearanceSignatureExtractor.swift */; };
		DABAF200007918EBA7DE15F0 /* ResponsesAPIClientTests.swift in Sources */ = {isa = PBXBuildFile; fileRef = D0EDC8C91E306B42B753F0DE /* ResponsesAPIClientTests.swift */; };
		E773946CADE1D2DF941C294A /* FoodObjectDetector.swift in Sources */ = {isa = PBXBuildFile; fileRef = D4673FD913ED7A5BDFD61107 /* FoodObjectDetector.swift */; };
		E82E2F3BFAC2914BD2959B91 /* AthleteStore in Frameworks */ = {isa = PBXBuildFile; productRef = 8DE0616B042A85FE7638C35F /* AthleteStore */; };
		E8543C41D679925D7639CEA4 /* AspectFillGeometry.swift in Sources */ = {isa = PBXBuildFile; fileRef = A5AE4109DC025E131A247B0C /* AspectFillGeometry.swift */; };
		E8B98B74178A855552364738 /* AthleteCore in Frameworks */ = {isa = PBXBuildFile; productRef = 5204AED981B0CD6645DCE74E /* AthleteCore */; };
		F67AC21768C39A6757F22E28 /* AthleteIntelligence in Frameworks */ = {isa = PBXBuildFile; productRef = E4A021A31E67C469449A7D1C /* AthleteIntelligence */; };
		F6FCC4017B4FBE8D13F6B011 /* FoodFrameGate.swift in Sources */ = {isa = PBXBuildFile; fileRef = 1C8D73966F7D51C8A20A7A0C /* FoodFrameGate.swift */; };
/* End PBXBuildFile section */

/* Begin PBXContainerItemProxy section */
		1DC2941B536D8272CF40DDD3 /* PBXContainerItemProxy */ = {
			isa = PBXContainerItemProxy;
			containerPortal = ECBDE9C9F1149470E25D1FAC /* Project object */;
			proxyType = 1;
			remoteGlobalIDString = 872B718151798DDC9EDF70E0;
			remoteInfo = Baseline;
		};
/* End PBXContainerItemProxy section */

/* Begin PBXFileReference section */
		0790B2E93CAB286523FE99B3 /* CoachPrompt.txt */ = {isa = PBXFileReference; lastKnownFileType = text; path = CoachPrompt.txt; sourceTree = "<group>"; };
		09879D0DDCBAF67B5ED0F9F8 /* WorkoutCaptureQualityAccumulator.swift */ = {isa = PBXFileReference; lastKnownFileType = sourcecode.swift; path = WorkoutCaptureQualityAccumulator.swift; sourceTree = "<group>"; };
		107DE3C058E79682566EDD74 /* Signing.xcconfig */ = {isa = PBXFileReference; lastKnownFileType = text.xcconfig; path = Signing.xcconfig; sourceTree = "<group>"; };
		16F83EDBAF598A7224A2DE0A /* LocalDeviceServices.swift */ = {isa = PBXFileReference; lastKnownFileType = sourcecode.swift; path = LocalDeviceServices.swift; sourceTree = "<group>"; };
		1C8D73966F7D51C8A20A7A0C /* FoodFrameGate.swift */ = {isa = PBXFileReference; lastKnownFileType = sourcecode.swift; path = FoodFrameGate.swift; sourceTree = "<group>"; };
		2AE15BA9C31AB7CD2EBEB393 /* ProviderSettingsViews.swift */ = {isa = PBXFileReference; lastKnownFileType = sourcecode.swift; path = ProviderSettingsViews.swift; sourceTree = "<group>"; };
		3C56094B3402BA454F7494D9 /* README.md */ = {isa = PBXFileReference; lastKnownFileType = net.daringfireball.markdown; path = README.md; sourceTree = "<group>"; };
		3DAF13D47A625744756C4067 /* nutrition.sqlite */ = {isa = PBXFileReference; lastKnownFileType = file; path = nutrition.sqlite; sourceTree = "<group>"; };
		444EFEC840B90D25B3246576 /* AppShell.swift */ = {isa = PBXFileReference; lastKnownFileType = sourcecode.swift; path = AppShell.swift; sourceTree = "<group>"; };
		4A7838FE09CC06FD091D9A4C /* SampleDashboardTests.swift */ = {isa = PBXFileReference; lastKnownFileType = sourcecode.swift; path = SampleDashboardTests.swift; sourceTree = "<group>"; };
		5B0C52D1A3CE1CCCDBE2A430 /* PersonalizationFeatureBuilder.swift */ = {isa = PBXFileReference; lastKnownFileType = sourcecode.swift; path = PersonalizationFeatureBuilder.swift; sourceTree = "<group>"; };
		609DE69CACEE0D6A552DC0E9 /* ResponsesAPIClient.swift */ = {isa = PBXFileReference; lastKnownFileType = sourcecode.swift; path = ResponsesAPIClient.swift; sourceTree = "<group>"; };
		6882089639F205F59B207839 /* CoachMarkdownView.swift */ = {isa = PBXFileReference; lastKnownFileType = sourcecode.swift; path = CoachMarkdownView.swift; sourceTree = "<group>"; };
		68DDD440562B5D1CF2B1D2AE /* FoodDetectionOverlay.swift */ = {isa = PBXFileReference; lastKnownFileType = sourcecode.swift; path = FoodDetectionOverlay.swift; sourceTree = "<group>"; };
		6E55114F9CEDE340C6BD68CA /* CameraView.swift */ = {isa = PBXFileReference; lastKnownFileType = sourcecode.swift; path = CameraView.swift; sourceTree = "<group>"; };
		8DC4E9AA70B1E388336CD0ED /* BaselineApp.swift */ = {isa = PBXFileReference; lastKnownFileType = sourcecode.swift; path = BaselineApp.swift; sourceTree = "<group>"; };
		917EC6C734FA7FDEF274FFAD /* Baseline.app */ = {isa = PBXFileReference; includeInIndex = 0; lastKnownFileType = wrapper.application; path = Baseline.app; sourceTree = BUILT_PRODUCTS_DIR; };
		93106080A48EEB56C6A64DAF /* ChatModel.swift */ = {isa = PBXFileReference; lastKnownFileType = sourcecode.swift; path = ChatModel.swift; sourceTree = "<group>"; };
		9653DC723805D483F2E1E57C /* AppearanceSignatureExtractor.swift */ = {isa = PBXFileReference; lastKnownFileType = sourcecode.swift; path = AppearanceSignatureExtractor.swift; sourceTree = "<group>"; };
		A5AE4109DC025E131A247B0C /* AspectFillGeometry.swift */ = {isa = PBXFileReference; lastKnownFileType = sourcecode.swift; path = AspectFillGeometry.swift; sourceTree = "<group>"; };
		A6C5F86354C722884254D09A /* BaselineTests.xctest */ = {isa = PBXFileReference; includeInIndex = 0; lastKnownFileType = wrapper.cfbundle; path = BaselineTests.xctest; sourceTree = BUILT_PRODUCTS_DIR; };
		AFE7F28DC10BE9123ED159D1 /* FoodDetector.mlmodel */ = {isa = PBXFileReference; lastKnownFileType = file.mlmodel; path = FoodDetector.mlmodel; sourceTree = "<group>"; };
		BA264C8FAA0DD1EB9D630084 /* CameraPipeline.swift */ = {isa = PBXFileReference; lastKnownFileType = sourcecode.swift; path = CameraPipeline.swift; sourceTree = "<group>"; };
		D0EDC8C91E306B42B753F0DE /* ResponsesAPIClientTests.swift */ = {isa = PBXFileReference; lastKnownFileType = sourcecode.swift; path = ResponsesAPIClientTests.swift; sourceTree = "<group>"; };
		D4673FD913ED7A5BDFD61107 /* FoodObjectDetector.swift */ = {isa = PBXFileReference; lastKnownFileType = sourcecode.swift; path = FoodObjectDetector.swift; sourceTree = "<group>"; };
		D4BF0502C15A39A230CAA052 /* swift */ = {isa = PBXFileReference; lastKnownFileType = folder; name = swift; path = ../../../packages/swift; sourceTree = SOURCE_ROOT; };
		D8C9A5216766F660EC010BDC /* FoodDiaryView.swift */ = {isa = PBXFileReference; lastKnownFileType = sourcecode.swift; path = FoodDiaryView.swift; sourceTree = "<group>"; };
		D943F4CB734A0DE13B02BED8 /* BaselineTheme.swift */ = {isa = PBXFileReference; lastKnownFileType = sourcecode.swift; path = BaselineTheme.swift; sourceTree = "<group>"; };
		D9AF535E570C28F824210716 /* APIKeyStore.swift */ = {isa = PBXFileReference; lastKnownFileType = sourcecode.swift; path = APIKeyStore.swift; sourceTree = "<group>"; };
		DB57CD73831BF28227615D0A /* .gitkeep */ = {isa = PBXFileReference; path = .gitkeep; sourceTree = "<group>"; };
		DD6D56A82F2E5E97ED4770FE /* CoachPrompt.swift */ = {isa = PBXFileReference; lastKnownFileType = sourcecode.swift; path = CoachPrompt.swift; sourceTree = "<group>"; };
		EDDE1E754BFB6A694897C66D /* StoreFactory.swift */ = {isa = PBXFileReference; lastKnownFileType = sourcecode.swift; path = StoreFactory.swift; sourceTree = "<group>"; };
/* End PBXFileReference section */

/* Begin PBXFrameworksBuildPhase section */
		6B95CE12FE527C6635CD83CC /* Frameworks */ = {
			isa = PBXFrameworksBuildPhase;
			buildActionMask = 2147483647;
			files = (
				E8B98B74178A855552364738 /* AthleteCore in Frameworks */,
				2788367BE0D28844B09A5DB2 /* AthleteSensors in Frameworks */,
				E82E2F3BFAC2914BD2959B91 /* AthleteStore in Frameworks */,
				5DA49EC8D1D80B052CABBBC8 /* AthleteNutrition in Frameworks */,
				89F4ECD03AD37EE47426CFC8 /* AthletePersonalization in Frameworks */,
				F67AC21768C39A6757F22E28 /* AthleteIntelligence in Frameworks */,
				43B3112CA586A99788835663 /* MarkdownUI in Frameworks */,
			);
			runOnlyForDeploymentPostprocessing = 0;
		};
/* End PBXFrameworksBuildPhase section */

/* Begin PBXGroup section */
		08B65A6D982A822B74C9E814 /* Sources */ = {
			isa = PBXGroup;
			children = (
				D9AF535E570C28F824210716 /* APIKeyStore.swift */,
				9653DC723805D483F2E1E57C /* AppearanceSignatureExtractor.swift */,
				444EFEC840B90D25B3246576 /* AppShell.swift */,
				A5AE4109DC025E131A247B0C /* AspectFillGeometry.swift */,
				8DC4E9AA70B1E388336CD0ED /* BaselineApp.swift */,
				D943F4CB734A0DE13B02BED8 /* BaselineTheme.swift */,
				BA264C8FAA0DD1EB9D630084 /* CameraPipeline.swift */,
				6E55114F9CEDE340C6BD68CA /* CameraView.swift */,
				93106080A48EEB56C6A64DAF /* ChatModel.swift */,
				6882089639F205F59B207839 /* CoachMarkdownView.swift */,
				DD6D56A82F2E5E97ED4770FE /* CoachPrompt.swift */,
				68DDD440562B5D1CF2B1D2AE /* FoodDetectionOverlay.swift */,
				D8C9A5216766F660EC010BDC /* FoodDiaryView.swift */,
				1C8D73966F7D51C8A20A7A0C /* FoodFrameGate.swift */,
				D4673FD913ED7A5BDFD61107 /* FoodObjectDetector.swift */,
				16F83EDBAF598A7224A2DE0A /* LocalDeviceServices.swift */,
				5B0C52D1A3CE1CCCDBE2A430 /* PersonalizationFeatureBuilder.swift */,
				2AE15BA9C31AB7CD2EBEB393 /* ProviderSettingsViews.swift */,
				609DE69CACEE0D6A552DC0E9 /* ResponsesAPIClient.swift */,
				EDDE1E754BFB6A694897C66D /* StoreFactory.swift */,
				09879D0DDCBAF67B5ED0F9F8 /* WorkoutCaptureQualityAccumulator.swift */,
			);
			path = Sources;
			sourceTree = "<group>";
		};
		1FE14F8221EC2E7D8618286A /* Config */ = {
			isa = PBXGroup;
			children = (
				107DE3C058E79682566EDD74 /* Signing.xcconfig */,
			);
			path = Config;
			sourceTree = "<group>";
		};
		395E0E8B872B7232D1875563 /* Products */ = {
			isa = PBXGroup;
			children = (
				917EC6C734FA7FDEF274FFAD /* Baseline.app */,
				A6C5F86354C722884254D09A /* BaselineTests.xctest */,
			);
			name = Products;
			sourceTree = "<group>";
		};
		509392B522DBD54B11ECE0AB = {
			isa = PBXGroup;
			children = (
				1FE14F8221EC2E7D8618286A /* Config */,
				CCFACD52809546AAC3824F21 /* Packages */,
				EAE3CBA5439858906471925C /* Resources */,
				08B65A6D982A822B74C9E814 /* Sources */,
				7282C7BC55BA73D6923BAED6 /* Tests */,
				395E0E8B872B7232D1875563 /* Products */,
			);
			sourceTree = "<group>";
		};
		7282C7BC55BA73D6923BAED6 /* Tests */ = {
			isa = PBXGroup;
			children = (
				D0EDC8C91E306B42B753F0DE /* ResponsesAPIClientTests.swift */,
				4A7838FE09CC06FD091D9A4C /* SampleDashboardTests.swift */,
			);
			path = Tests;
			sourceTree = "<group>";
		};
		CCFACD52809546AAC3824F21 /* Packages */ = {
			isa = PBXGroup;
			children = (
				D4BF0502C15A39A230CAA052 /* swift */,
			);
			name = Packages;
			sourceTree = "<group>";
		};
		EAE3CBA5439858906471925C /* Resources */ = {
			isa = PBXGroup;
			children = (
				DB57CD73831BF28227615D0A /* .gitkeep */,
				0790B2E93CAB286523FE99B3 /* CoachPrompt.txt */,
				AFE7F28DC10BE9123ED159D1 /* FoodDetector.mlmodel */,
				3DAF13D47A625744756C4067 /* nutrition.sqlite */,
				3C56094B3402BA454F7494D9 /* README.md */,
			);
			path = Resources;
			sourceTree = "<group>";
		};
/* End PBXGroup section */

/* Begin PBXNativeTarget section */
		872B718151798DDC9EDF70E0 /* Baseline */ = {
			isa = PBXNativeTarget;
			buildConfigurationList = A07E89BA0FB92F9FCA5264E1 /* Build configuration list for PBXNativeTarget "Baseline" */;
			buildPhases = (
				5BA0779C5FB69F0F3F614743 /* Sources */,
				2B94C440CBC67DD84BB35D10 /* Resources */,
				6B95CE12FE527C6635CD83CC /* Frameworks */,
			);
			buildRules = (
			);
			dependencies = (
			);
			name = Baseline;
			packageProductDependencies = (
				5204AED981B0CD6645DCE74E /* AthleteCore */,
				DE8D28D7B1A50EC05F427F31 /* AthleteSensors */,
				8DE0616B042A85FE7638C35F /* AthleteStore */,
				27301A2025CD460E49D7B4B0 /* AthleteNutrition */,
				EC1E8B6B62284BC14AB578D9 /* AthletePersonalization */,
				E4A021A31E67C469449A7D1C /* AthleteIntelligence */,
				955BF50DF9B3EAE3328AC3BB /* MarkdownUI */,
			);
			productName = Baseline;
			productReference = 917EC6C734FA7FDEF274FFAD /* Baseline.app */;
			productType = "com.apple.product-type.application";
		};
		BC3C8FF69C3D1B0398FBF023 /* BaselineTests */ = {
			isa = PBXNativeTarget;
			buildConfigurationList = A1CC952CAAE1CCF552105E41 /* Build configuration list for PBXNativeTarget "BaselineTests" */;
			buildPhases = (
				55E1FE786969A422437C256C /* Sources */,
			);
			buildRules = (
			);
			dependencies = (
				10DDE390966CEA59CAA055D2 /* PBXTargetDependency */,
			);
			name = BaselineTests;
			packageProductDependencies = (
			);
			productName = BaselineTests;
			productReference = A6C5F86354C722884254D09A /* BaselineTests.xctest */;
			productType = "com.apple.product-type.bundle.unit-test";
		};
/* End PBXNativeTarget section */

/* Begin PBXProject section */
		ECBDE9C9F1149470E25D1FAC /* Project object */ = {
			isa = PBXProject;
			attributes = {
				BuildIndependentTargetsInParallel = YES;
				LastUpgradeCheck = 1430;
			};
			buildConfigurationList = DEC0D2E01D9C2DEEE50E4CE0 /* Build configuration list for PBXProject "Baseline" */;
			compatibilityVersion = "Xcode 14.0";
			developmentRegion = en;
			hasScannedForEncodings = 0;
			knownRegions = (
				Base,
				en,
			);
			mainGroup = 509392B522DBD54B11ECE0AB;
			minimizedProjectReferenceProxies = 1;
			packageReferences = (
				8EE8CD9895AA4C30EB326118 /* XCRemoteSwiftPackageReference "swift-markdown-ui" */,
				F83B07DBFD498864321E7312 /* XCLocalSwiftPackageReference "../../../packages/swift" */,
			);
			preferredProjectObjectVersion = 77;
			projectDirPath = "";
			projectRoot = "";
			targets = (
				872B718151798DDC9EDF70E0 /* Baseline */,
				BC3C8FF69C3D1B0398FBF023 /* BaselineTests */,
			);
		};
/* End PBXProject section */

/* Begin PBXResourcesBuildPhase section */
		2B94C440CBC67DD84BB35D10 /* Resources */ = {
			isa = PBXResourcesBuildPhase;
			buildActionMask = 2147483647;
			files = (
				AE7E7EAE2835D3918930C678 /* .gitkeep in Resources */,
				4E4DCAB52112F4A41842DAD5 /* CoachPrompt.txt in Resources */,
				2B94BFF588088C598345B52D /* FoodDetector.mlmodel in Resources */,
				05A1943E3664F8948CF35499 /* README.md in Resources */,
				61F1F2D3C08A3F47F7494763 /* nutrition.sqlite in Resources */,
			);
			runOnlyForDeploymentPostprocessing = 0;
		};
/* End PBXResourcesBuildPhase section */

/* Begin PBXSourcesBuildPhase section */
		55E1FE786969A422437C256C /* Sources */ = {
			isa = PBXSourcesBuildPhase;
			buildActionMask = 2147483647;
			files = (
				DABAF200007918EBA7DE15F0 /* ResponsesAPIClientTests.swift in Sources */,
				0FDD88AF3620C5C490369E33 /* SampleDashboardTests.swift in Sources */,
			);
			runOnlyForDeploymentPostprocessing = 0;
		};
		5BA0779C5FB69F0F3F614743 /* Sources */ = {
			isa = PBXSourcesBuildPhase;
			buildActionMask = 2147483647;
			files = (
				3269353CAD06E097F5DE480B /* APIKeyStore.swift in Sources */,
				4831FEAE90CB66F844863B75 /* AppShell.swift in Sources */,
				CF649601AA5D103D01141355 /* AppearanceSignatureExtractor.swift in Sources */,
				E8543C41D679925D7639CEA4 /* AspectFillGeometry.swift in Sources */,
				680C9E7216E051775620E86F /* BaselineApp.swift in Sources */,
				C03425D115C3CE3C191AA0B5 /* BaselineTheme.swift in Sources */,
				C8785DD2C4810B8B74E2A659 /* CameraPipeline.swift in Sources */,
				603F55226DB7422C69381DEF /* CameraView.swift in Sources */,
				BCE0B0A08B6A521F298EE7CA /* ChatModel.swift in Sources */,
				86F61762DEDE8DC62C7D4DAD /* CoachMarkdownView.swift in Sources */,
				154D9BC9C4657BE28AC8E168 /* CoachPrompt.swift in Sources */,
				63F3D05826411592747223D9 /* FoodDetectionOverlay.swift in Sources */,
				0DA05C121635271D91F37CBC /* FoodDiaryView.swift in Sources */,
				F6FCC4017B4FBE8D13F6B011 /* FoodFrameGate.swift in Sources */,
				E773946CADE1D2DF941C294A /* FoodObjectDetector.swift in Sources */,
				1B0C4DAB229B0739EAC9C927 /* LocalDeviceServices.swift in Sources */,
				6111E9DE79D1BFAD4D6FB4C5 /* PersonalizationFeatureBuilder.swift in Sources */,
				867C3AD465C30C1CC0ABBC63 /* ProviderSettingsViews.swift in Sources */,
				5E2500A7AA535F36F14F751C /* ResponsesAPIClient.swift in Sources */,
				C654847562C8CBEEB8808918 /* StoreFactory.swift in Sources */,
				AABC4506BBF2F7838205D772 /* WorkoutCaptureQualityAccumulator.swift in Sources */,
			);
			runOnlyForDeploymentPostprocessing = 0;
		};
/* End PBXSourcesBuildPhase section */

/* Begin PBXTargetDependency section */
		10DDE390966CEA59CAA055D2 /* PBXTargetDependency */ = {
			isa = PBXTargetDependency;
			target = 872B718151798DDC9EDF70E0 /* Baseline */;
			targetProxy = 1DC2941B536D8272CF40DDD3 /* PBXContainerItemProxy */;
		};
/* End PBXTargetDependency section */

/* Begin XCBuildConfiguration section */
		5D202872A2F5230BEE7BC395 /* Release */ = {
			isa = XCBuildConfiguration;
			buildSettings = {
				BUNDLE_LOADER = "$(TEST_HOST)";
				GENERATE_INFOPLIST_FILE = YES;
				LD_RUNPATH_SEARCH_PATHS = (
					"$(inherited)",
					"@executable_path/Frameworks",
					"@loader_path/Frameworks",
				);
				PRODUCT_BUNDLE_IDENTIFIER = org.averagedigital.baseline.tests;
				SDKROOT = iphoneos;
				SWIFT_VERSION = 6.0;
				TARGETED_DEVICE_FAMILY = "1,2";
				TEST_HOST = "$(BUILT_PRODUCTS_DIR)/Baseline.app/Baseline";
			};
			name = Release;
		};
		8C153D89A7CD276FAEBDCA10 /* Release */ = {
			isa = XCBuildConfiguration;
			buildSettings = {
				ALWAYS_SEARCH_USER_PATHS = NO;
				CLANG_ANALYZER_NONNULL = YES;
				CLANG_ANALYZER_NUMBER_OBJECT_CONVERSION = YES_AGGRESSIVE;
				CLANG_CXX_LANGUAGE_STANDARD = "gnu++14";
				CLANG_CXX_LIBRARY = "libc++";
				CLANG_ENABLE_MODULES = YES;
				CLANG_ENABLE_OBJC_ARC = YES;
				CLANG_ENABLE_OBJC_WEAK = YES;
				CLANG_WARN_BLOCK_CAPTURE_AUTORELEASING = YES;
				CLANG_WARN_BOOL_CONVERSION = YES;
				CLANG_WARN_COMMA = YES;
				CLANG_WARN_CONSTANT_CONVERSION = YES;
				CLANG_WARN_DEPRECATED_OBJC_IMPLEMENTATIONS = YES;
				CLANG_WARN_DIRECT_OBJC_ISA_USAGE = YES_ERROR;
				CLANG_WARN_DOCUMENTATION_COMMENTS = YES;
				CLANG_WARN_EMPTY_BODY = YES;
				CLANG_WARN_ENUM_CONVERSION = YES;
				CLANG_WARN_INFINITE_RECURSION = YES;
				CLANG_WARN_INT_CONVERSION = YES;
				CLANG_WARN_NON_LITERAL_NULL_CONVERSION = YES;
				CLANG_WARN_OBJC_IMPLICIT_RETAIN_SELF = YES;
				CLANG_WARN_OBJC_LITERAL_CONVERSION = YES;
				CLANG_WARN_OBJC_ROOT_CLASS = YES_ERROR;
				CLANG_WARN_QUOTED_INCLUDE_IN_FRAMEWORK_HEADER = YES;
				CLANG_WARN_RANGE_LOOP_ANALYSIS = YES;
				CLANG_WARN_STRICT_PROTOTYPES = YES;
				CLANG_WARN_SUSPICIOUS_MOVE = YES;
				CLANG_WARN_UNGUARDED_AVAILABILITY = YES_AGGRESSIVE;
				CLANG_WARN_UNREACHABLE_CODE = YES;
				CLANG_WARN__DUPLICATE_METHOD_MATCH = YES;
				COPY_PHASE_STRIP = NO;
				DEBUG_INFORMATION_FORMAT = "dwarf-with-dsym";
				ENABLE_NS_ASSERTIONS = NO;
				ENABLE_STRICT_OBJC_MSGSEND = YES;
				GCC_C_LANGUAGE_STANDARD = gnu11;
				GCC_NO_COMMON_BLOCKS = YES;
				GCC_WARN_64_TO_32_BIT_CONVERSION = YES;
				GCC_WARN_ABOUT_RETURN_TYPE = YES_ERROR;
				GCC_WARN_UNDECLARED_SELECTOR = YES;
				GCC_WARN_UNINITIALIZED_AUTOS = YES_AGGRESSIVE;
				GCC_WARN_UNUSED_FUNCTION = YES;
				GCC_WARN_UNUSED_VARIABLE = YES;
				IPHONEOS_DEPLOYMENT_TARGET = 18.0;
				MTL_ENABLE_DEBUG_INFO = NO;
				MTL_FAST_MATH = YES;
				PRODUCT_NAME = "$(TARGET_NAME)";
				SDKROOT = iphoneos;
				SWIFT_COMPILATION_MODE = wholemodule;
				SWIFT_OPTIMIZATION_LEVEL = "-O";
				SWIFT_VERSION = 5.0;
			};
			name = Release;
		};
		909FD697C2B7389DD78BC8EF /* Debug */ = {
			isa = XCBuildConfiguration;
			buildSettings = {
				ALWAYS_SEARCH_USER_PATHS = NO;
				CLANG_ANALYZER_NONNULL = YES;
				CLANG_ANALYZER_NUMBER_OBJECT_CONVERSION = YES_AGGRESSIVE;
				CLANG_CXX_LANGUAGE_STANDARD = "gnu++14";
				CLANG_CXX_LIBRARY = "libc++";
				CLANG_ENABLE_MODULES = YES;
				CLANG_ENABLE_OBJC_ARC = YES;
				CLANG_ENABLE_OBJC_WEAK = YES;
				CLANG_WARN_BLOCK_CAPTURE_AUTORELEASING = YES;
				CLANG_WARN_BOOL_CONVERSION = YES;
				CLANG_WARN_COMMA = YES;
				CLANG_WARN_CONSTANT_CONVERSION = YES;
				CLANG_WARN_DEPRECATED_OBJC_IMPLEMENTATIONS = YES;
				CLANG_WARN_DIRECT_OBJC_ISA_USAGE = YES_ERROR;
				CLANG_WARN_DOCUMENTATION_COMMENTS = YES;
				CLANG_WARN_EMPTY_BODY = YES;
				CLANG_WARN_ENUM_CONVERSION = YES;
				CLANG_WARN_INFINITE_RECURSION = YES;
				CLANG_WARN_INT_CONVERSION = YES;
				CLANG_WARN_NON_LITERAL_NULL_CONVERSION = YES;
				CLANG_WARN_OBJC_IMPLICIT_RETAIN_SELF = YES;
				CLANG_WARN_OBJC_LITERAL_CONVERSION = YES;
				CLANG_WARN_OBJC_ROOT_CLASS = YES_ERROR;
				CLANG_WARN_QUOTED_INCLUDE_IN_FRAMEWORK_HEADER = YES;
				CLANG_WARN_RANGE_LOOP_ANALYSIS = YES;
				CLANG_WARN_STRICT_PROTOTYPES = YES;
				CLANG_WARN_SUSPICIOUS_MOVE = YES;
				CLANG_WARN_UNGUARDED_AVAILABILITY = YES_AGGRESSIVE;
				CLANG_WARN_UNREACHABLE_CODE = YES;
				CLANG_WARN__DUPLICATE_METHOD_MATCH = YES;
				COPY_PHASE_STRIP = NO;
				DEBUG_INFORMATION_FORMAT = dwarf;
				ENABLE_STRICT_OBJC_MSGSEND = YES;
				ENABLE_TESTABILITY = YES;
				GCC_C_LANGUAGE_STANDARD = gnu11;
				GCC_DYNAMIC_NO_PIC = NO;
				GCC_NO_COMMON_BLOCKS = YES;
				GCC_OPTIMIZATION_LEVEL = 0;
				GCC_PREPROCESSOR_DEFINITIONS = (
					"$(inherited)",
					"DEBUG=1",
				);
				GCC_WARN_64_TO_32_BIT_CONVERSION = YES;
				GCC_WARN_ABOUT_RETURN_TYPE = YES_ERROR;
				GCC_WARN_UNDECLARED_SELECTOR = YES;
				GCC_WARN_UNINITIALIZED_AUTOS = YES_AGGRESSIVE;
				GCC_WARN_UNUSED_FUNCTION = YES;
				GCC_WARN_UNUSED_VARIABLE = YES;
				IPHONEOS_DEPLOYMENT_TARGET = 18.0;
				MTL_ENABLE_DEBUG_INFO = INCLUDE_SOURCE;
				MTL_FAST_MATH = YES;
				ONLY_ACTIVE_ARCH = YES;
				PRODUCT_NAME = "$(TARGET_NAME)";
				SDKROOT = iphoneos;
				SWIFT_ACTIVE_COMPILATION_CONDITIONS = DEBUG;
				SWIFT_OPTIMIZATION_LEVEL = "-Onone";
				SWIFT_VERSION = 5.0;
			};
			name = Debug;
		};
		BBFD8E1C8FEDAE11685A6B2F /* Debug */ = {
			isa = XCBuildConfiguration;
			buildSettings = {
				BUNDLE_LOADER = "$(TEST_HOST)";
				GENERATE_INFOPLIST_FILE = YES;
				LD_RUNPATH_SEARCH_PATHS = (
					"$(inherited)",
					"@executable_path/Frameworks",
					"@loader_path/Frameworks",
				);
				PRODUCT_BUNDLE_IDENTIFIER = org.averagedigital.baseline.tests;
				SDKROOT = iphoneos;
				SWIFT_VERSION = 6.0;
				TARGETED_DEVICE_FAMILY = "1,2";
				TEST_HOST = "$(BUILT_PRODUCTS_DIR)/Baseline.app/Baseline";
			};
			name = Debug;
		};
		CF0526DD635D64A7B1C119FF /* Debug */ = {
			isa = XCBuildConfiguration;
			baseConfigurationReference = 107DE3C058E79682566EDD74 /* Signing.xcconfig */;
			buildSettings = {
				ASSETCATALOG_COMPILER_APPICON_NAME = AppIcon;
				CODE_SIGN_IDENTITY = "iPhone Developer";
				GENERATE_INFOPLIST_FILE = YES;
				INFOPLIST_KEY_CFBundleDisplayName = Baseline;
				INFOPLIST_KEY_NSAppTransportSecurity_NSAllowsLocalNetworking = YES;
				INFOPLIST_KEY_NSCameraUsageDescription = "Камера используется для анализа позы и локального food-gate. Видео не записывается.";
				INFOPLIST_KEY_UIApplicationSceneManifest_Generation = YES;
				INFOPLIST_KEY_UILaunchScreen_Generation = YES;
				LD_RUNPATH_SEARCH_PATHS = (
					"$(inherited)",
					"@executable_path/Frameworks",
				);
				PRODUCT_BUNDLE_IDENTIFIER = org.averagedigital.baseline;
				PRODUCT_NAME = Baseline;
				SDKROOT = iphoneos;
				SUPPORTS_MACCATALYST = NO;
				SWIFT_VERSION = 6.0;
				TARGETED_DEVICE_FAMILY = "1,2";
			};
			name = Debug;
		};
		F68E3464978FB1C061F8D589 /* Release */ = {
			isa = XCBuildConfiguration;
			baseConfigurationReference = 107DE3C058E79682566EDD74 /* Signing.xcconfig */;
			buildSettings = {
				ASSETCATALOG_COMPILER_APPICON_NAME = AppIcon;
				CODE_SIGN_IDENTITY = "iPhone Developer";
				GENERATE_INFOPLIST_FILE = YES;
				INFOPLIST_KEY_CFBundleDisplayName = Baseline;
				INFOPLIST_KEY_NSAppTransportSecurity_NSAllowsLocalNetworking = YES;
				INFOPLIST_KEY_NSCameraUsageDescription = "Камера используется для анализа позы и локального food-gate. Видео не записывается.";
				INFOPLIST_KEY_UIApplicationSceneManifest_Generation = YES;
				INFOPLIST_KEY_UILaunchScreen_Generation = YES;
				LD_RUNPATH_SEARCH_PATHS = (
					"$(inherited)",
					"@executable_path/Frameworks",
				);
				PRODUCT_BUNDLE_IDENTIFIER = org.averagedigital.baseline;
				PRODUCT_NAME = Baseline;
				SDKROOT = iphoneos;
				SUPPORTS_MACCATALYST = NO;
				SWIFT_VERSION = 6.0;
				TARGETED_DEVICE_FAMILY = "1,2";
			};
			name = Release;
		};
/* End XCBuildConfiguration section */

/* Begin XCConfigurationList section */
		A07E89BA0FB92F9FCA5264E1 /* Build configuration list for PBXNativeTarget "Baseline" */ = {
			isa = XCConfigurationList;
			buildConfigurations = (
				CF0526DD635D64A7B1C119FF /* Debug */,
				F68E3464978FB1C061F8D589 /* Release */,
			);
			defaultConfigurationIsVisible = 0;
			defaultConfigurationName = Debug;
		};
		A1CC952CAAE1CCF552105E41 /* Build configuration list for PBXNativeTarget "BaselineTests" */ = {
			isa = XCConfigurationList;
			buildConfigurations = (
				BBFD8E1C8FEDAE11685A6B2F /* Debug */,
				5D202872A2F5230BEE7BC395 /* Release */,
			);
			defaultConfigurationIsVisible = 0;
			defaultConfigurationName = Debug;
		};
		DEC0D2E01D9C2DEEE50E4CE0 /* Build configuration list for PBXProject "Baseline" */ = {
			isa = XCConfigurationList;
			buildConfigurations = (
				909FD697C2B7389DD78BC8EF /* Debug */,
				8C153D89A7CD276FAEBDCA10 /* Release */,
			);
			defaultConfigurationIsVisible = 0;
			defaultConfigurationName = Debug;
		};
/* End XCConfigurationList section */

/* Begin XCLocalSwiftPackageReference section */
		F83B07DBFD498864321E7312 /* XCLocalSwiftPackageReference "../../../packages/swift" */ = {
			isa = XCLocalSwiftPackageReference;
			relativePath = ../../../packages/swift;
		};
/* End XCLocalSwiftPackageReference section */

/* Begin XCRemoteSwiftPackageReference section */
		8EE8CD9895AA4C30EB326118 /* XCRemoteSwiftPackageReference "swift-markdown-ui" */ = {
			isa = XCRemoteSwiftPackageReference;
			repositoryURL = "https://github.com/gonzalezreal/swift-markdown-ui";
			requirement = {
				kind = upToNextMajorVersion;
				minimumVersion = 2.4.1;
			};
		};
/* End XCRemoteSwiftPackageReference section */

/* Begin XCSwiftPackageProductDependency section */
		27301A2025CD460E49D7B4B0 /* AthleteNutrition */ = {
			isa = XCSwiftPackageProductDependency;
			productName = AthleteNutrition;
		};
		5204AED981B0CD6645DCE74E /* AthleteCore */ = {
			isa = XCSwiftPackageProductDependency;
			productName = AthleteCore;
		};
		8DE0616B042A85FE7638C35F /* AthleteStore */ = {
			isa = XCSwiftPackageProductDependency;
			productName = AthleteStore;
		};
		955BF50DF9B3EAE3328AC3BB /* MarkdownUI */ = {
			isa = XCSwiftPackageProductDependency;
			package = 8EE8CD9895AA4C30EB326118 /* XCRemoteSwiftPackageReference "swift-markdown-ui" */;
			productName = MarkdownUI;
		};
		DE8D28D7B1A50EC05F427F31 /* AthleteSensors */ = {
			isa = XCSwiftPackageProductDependency;
			productName = AthleteSensors;
		};
		E4A021A31E67C469449A7D1C /* AthleteIntelligence */ = {
			isa = XCSwiftPackageProductDependency;
			productName = AthleteIntelligence;
		};
		EC1E8B6B62284BC14AB578D9 /* AthletePersonalization */ = {
			isa = XCSwiftPackageProductDependency;
			productName = AthletePersonalization;
		};
/* End XCSwiftPackageProductDependency section */
	};
	rootObject = ECBDE9C9F1149470E25D1FAC /* Project object */;
}
